
Microsoft Visual Studio Solution File, Format Version 12.00
# Visual Studio Version 16
VisualStudioVersion = 16.0.31205.134
MinimumVisualStudioVersion = 10.0.40219.1
Project("{FAE04EC0-301F-11D3-BF4B-00C04F79EFBC}") = "los-api", "los-api\los-api.csproj", "{4B34C7DF-57CC-436A-9087-38C0F2C09525}"
EndProject
Global
	GlobalSection(SolutionConfigurationPlatforms) = preSolution
		Debug|Any CPU = Debug|Any CPU
		Release|Any CPU = Release|Any CPU
	EndGlobalSection
	GlobalSection(ProjectConfigurationPlatforms) = postSolution
		{4B34C7DF-57CC-436A-9087-38C0F2C09525}.Debug|Any CPU.ActiveCfg = Debug|Any CPU
		{4B34C7DF-57CC-436A-9087-38C0F2C09525}.Debug|Any CPU.Build.0 = Debug|Any CPU
		{4B34C7DF-57CC-436A-9087-38C0F2C09525}.Release|Any CPU.ActiveCfg = Release|Any CPU
		{4B34C7DF-57CC-436A-9087-38C0F2C09525}.Release|Any CPU.Build.0 = Release|Any CPU
	EndGlobalSection
	GlobalSection(SolutionProperties) = preSolution
		HideSolutionNode = FALSE
	EndGlobalSection
	GlobalSection(ExtensibilityGlobals) = postSolution
		SolutionGuid = {24A7E212-5F7E-48E3-B71B-2EFB0BAC670A}
	EndGlobalSection
EndGlobal
